// !$*UTF8*$!
{
	archiveVersion = 1;
	classes = {
	};
	objectVersion = 46;
	objects = {

/* Begin PBXBuildFile section */
		1212AB701F31696F00FEA9C0 /* main.m in Sources */ = {isa = PBXBuildFile; fileRef = 1212AB6F1F31696F00FEA9C0 /* main.m */; };
		1212AB731F31696F00FEA9C0 /* AppDelegate.m in Sources */ = {isa = PBXBuildFile; fileRef = 1212AB721F31696F00FEA9C0 /* AppDelegate.m */; };
		1212AB761F31696F00FEA9C0 /* ViewController.m in Sources */ = {isa = PBXBuildFile; fileRef = 1212AB751F31696F00FEA9C0 /* ViewController.m */; };
		1212AB791F31696F00FEA9C0 /* Main.storyboard in Resources */ = {isa = PBXBuildFile; fileRef = 1212AB771F31696F00FEA9C0 /* Main.storyboard */; };
		1212AB7B1F31696F00FEA9C0 /* Assets.xcassets in Resources */ = {isa = PBXBuildFile; fileRef = 1212AB7A1F31696F00FEA9C0 /* Assets.xcassets */; };
		1212AB7E1F31696F00FEA9C0 /* LaunchScreen.storyboard in Resources */ = {isa = PBXBuildFile; fileRef = 1212AB7C1F31696F00FEA9C0 /* LaunchScreen.storyboard */; };
		1212AB951F316B4D00FEA9C0 /* Address.json in Resources */ = {isa = PBXBuildFile; fileRef = 1212AB921F316B4D00FEA9C0 /* Address.json */; };
		1212AB961F316B4D00FEA9C0 /* XPAddressPicker.m in Sources */ = {isa = PBXBuildFile; fileRef = 1212AB941F316B4D00FEA9C0 /* XPAddressPicker.m */; };
/* End PBXBuildFile section */

/* Begin PBXFileReference section */
		1212AB6B1F31696F00FEA9C0 /* AddressPickerDemo.app */ = {isa = PBXFileReference; explicitFileType = wrapper.application; includeInIndex = 0; path = AddressPickerDemo.app; sourceTree = BUILT_PRODUCTS_DIR; };
		1212AB6F1F31696F00FEA9C0 /* main.m */ = {isa = PBXFileReference; lastKnownFileType = sourcecode.c.objc; path = main.m; sourceTree = "<group>"; };
		1212AB711F31696F00FEA9C0 /* AppDelegate.h */ = {isa = PBXFileReference; lastKnownFileType = sourcecode.c.h; path = AppDelegate.h; sourceTree = "<group>"; };
		1212AB721F31696F00FEA9C0 /* AppDelegate.m */ = {isa = PBXFileReference; lastKnownFileType = sourcecode.c.objc; path = AppDelegate.m; sourceTree = "<group>"; };
		1212AB741F31696F00FEA9C0 /* ViewController.h */ = {isa = PBXFileReference; lastKnownFileType = sourcecode.c.h; path = ViewController.h; sourceTree = "<group>"; };
		1212AB751F31696F00FEA9C0 /* ViewController.m */ = {isa = PBXFileReference; lastKnownFileType = sourcecode.c.objc; path = ViewController.m; sourceTree = "<group>"; };
		1212AB781F31696F00FEA9C0 /* Base */ = {isa = PBXFileReference; lastKnownFileType = file.storyboard; name = Base; path = Base.lproj/Main.storyboard; sourceTree = "<group>"; };
		1212AB7A1F31696F00FEA9C0 /* Assets.xcassets */ = {isa = PBXFileReference; lastKnownFileType = folder.assetcatalog; path = Assets.xcassets; sourceTree = "<group>"; };
		1212AB7D1F31696F00FEA9C0 /* Base */ = {isa = PBXFileReference; lastKnownFileType = file.storyboard; name = Base; path = Base.lproj/LaunchScreen.storyboard; sourceTree = "<group>"; };
		1212AB7F1F31696F00FEA9C0 /* Info.plist */ = {isa = PBXFileReference; lastKnownFileType = text.plist.xml; path = Info.plist; sourceTree = "<group>"; };
		1212AB921F316B4D00FEA9C0 /* Address.json */ = {isa = PBXFileReference; fileEncoding = 4; lastKnownFileType = text.json; path = Address.json; sourceTree = "<group>"; };
		1212AB931F316B4D00FEA9C0 /* XPAddressPicker.h */ = {isa = PBXFileReference; fileEncoding = 4; lastKnownFileType = sourcecode.c.h; path = XPAddressPicker.h; sourceTree = "<group>"; };
		1212AB941F316B4D00FEA9C0 /* XPAddressPicker.m */ = {isa = PBXFileReference; fileEncoding = 4; lastKnownFileType = sourcecode.c.objc; path = XPAddressPicker.m; sourceTree = "<group>"; };
/* End PBXFileReference section */

/* Begin PBXFrameworksBuildPhase section */
		1212AB681F31696F00FEA9C0 /* Frameworks */ = {
			isa = PBXFrameworksBuildPhase;
			buildActionMask = 2147483647;
			files = (
			);
			runOnlyForDeploymentPostprocessing = 0;
		};
/* End PBXFrameworksBuildPhase section */

/* Begin PBXGroup section */
		1212AB621F31696E00FEA9C0 = {
			isa = PBXGroup;
			children = (
				1212AB6D1F31696F00FEA9C0 /* AddressPickerDemo */,
				1212AB6C1F31696F00FEA9C0 /* Products */,
			);
			sourceTree = "<group>";
		};
		1212AB6C1F31696F00FEA9C0 /* Products */ = {
			isa = PBXGroup;
			children = (
				1212AB6B1F31696F00FEA9C0 /* AddressPickerDemo.app */,
			);
			name = Products;
			sourceTree = "<group>";
		};
		1212AB6D1F31696F00FEA9C0 /* AddressPickerDemo */ = {
			isa = PBXGroup;
			children = (
				1212AB911F316B4D00FEA9C0 /* AddressPicker */,
				1212AB711F31696F00FEA9C0 /* AppDelegate.h */,
				1212AB721F31696F00FEA9C0 /* AppDelegate.m */,
				1212AB741F31696F00FEA9C0 /* ViewController.h */,
				1212AB751F31696F00FEA9C0 /* ViewController.m */,
				1212AB771F31696F00FEA9C0 /* Main.storyboard */,
				1212AB7A1F31696F00FEA9C0 /* Assets.xcassets */,
				1212AB7C1F31696F00FEA9C0 /* LaunchScreen.storyboard */,
				1212AB7F1F31696F00FEA9C0 /* Info.plist */,
				1212AB6E1F31696F00FEA9C0 /* Supporting Files */,
			);
			path = AddressPickerDemo;
			sourceTree = "<group>";
		};
		1212AB6E1F31696F00FEA9C0 /* Supporting Files */ = {
			isa = PBXGroup;
			children = (
				1212AB6F1F31696F00FEA9C0 /* main.m */,
			);
			name = "Supporting Files";
			sourceTree = "<group>";
		};
		1212AB911F316B4D00FEA9C0 /* AddressPicker */ = {
			isa = PBXGroup;
			children = (
				1212AB921F316B4D00FEA9C0 /* Address.json */,
				1212AB931F316B4D00FEA9C0 /* XPAddressPicker.h */,
				1212AB941F316B4D00FEA9C0 /* XPAddressPicker.m */,
			);
			path = AddressPicker;
			sourceTree = SOURCE_ROOT;
		};
/* End PBXGroup section */

/* Begin PBXNativeTarget section */
		1212AB6A1F31696F00FEA9C0 /* AddressPickerDemo */ = {
			isa = PBXNativeTarget;
			buildConfigurationList = 1212AB821F31696F00FEA9C0 /* Build configuration list for PBXNativeTarget "AddressPickerDemo" */;
			buildPhases = (
				1212AB671F31696F00FEA9C0 /* Sources */,
				1212AB681F31696F00FEA9C0 /* Frameworks */,
				1212AB691F31696F00FEA9C0 /* Resources */,
			);
			buildRules = (
			);
			dependencies = (
			);
			name = AddressPickerDemo;
			productName = AddressPickerDemo;
			productReference = 1212AB6B1F31696F00FEA9C0 /* AddressPickerDemo.app */;
			productType = "com.apple.product-type.application";
		};
/* End PBXNativeTarget section */

/* Begin PBXProject section */
		1212AB631F31696E00FEA9C0 /* Project object */ = {
			isa = PBXProject;
			attributes = {
				LastUpgradeCheck = 0830;
				TargetAttributes = {
					1212AB6A1F31696F00FEA9C0 = {
						CreatedOnToolsVersion = 8.3;
						ProvisioningStyle = Automatic;
					};
				};
			};
			buildConfigurationList = 1212AB661F31696E00FEA9C0 /* Build configuration list for PBXProject "AddressPickerDemo" */;
			compatibilityVersion = "Xcode 3.2";
			developmentRegion = English;
			hasScannedForEncodings = 0;
			knownRegions = (
				en,
				Base,
			);
			mainGroup = 1212AB621F31696E00FEA9C0;
			productRefGroup = 1212AB6C1F31696F00FEA9C0 /* Products */;
			projectDirPath = "";
			projectRoot = "";
			targets = (
				1212AB6A1F31696F00FEA9C0 /* AddressPickerDemo */,
			);
		};
/* End PBXProject section */

/* Begin PBXResourcesBuildPhase section */
		1212AB691F31696F00FEA9C0 /* Resources */ = {
			isa = PBXResourcesBuildPhase;
			buildActionMask = 2147483647;
			files = (
				1212AB7E1F31696F00FEA9C0 /* LaunchScreen.storyboard in Resources */,
				1212AB7B1F31696F00FEA9C0 /* Assets.xcassets in Resources */,
				1212AB951F316B4D00FEA9C0 /* Address.json in Resources */,
				1212AB791F31696F00FEA9C0 /* Main.storyboard in Resources */,
			);
			runOnlyForDeploymentPostprocessing = 0;
		};
/* End PBXResourcesBuildPhase section */

/* Begin PBXSourcesBuildPhase section */
		1212AB671F31696F00FEA9C0 /* Sources */ = {
			isa = PBXSourcesBuildPhase;
			buildActionMask = 2147483647;
			files = (
				1212AB961F316B4D00FEA9C0 /* XPAddressPicker.m in Sources */,
				1212AB761F31696F00FEA9C0 /* ViewController.m in Sources */,
				1212AB731F31696F00FEA9C0 /* AppDelegate.m in Sources */,
				1212AB701F31696F00FEA9C0 /* main.m in Sources */,
			);
			runOnlyForDeploymentPostprocessing = 0;
		};
/* End PBXSourcesBuildPhase section */

/* Begin PBXVariantGroup section */
		1212AB771F31696F00FEA9C0 /* Main.storyboard */ = {
			isa = PBXVariantGroup;
			children = (
				1212AB781F31696F00FEA9C0 /* Base */,
			);
			name = Main.storyboard;
			sourceTree = "<group>";
		};
		1212AB7C1F31696F00FEA9C0 /* LaunchScreen.storyboard */ = {
			isa = PBXVariantGroup;
			children = (
				1212AB7D1F31696F00FEA9C0 /* Base */,
			);
			name = LaunchScreen.storyboard;
			sourceTree = "<group>";
		};
/* End PBXVariantGroup section */

/* Begin XCBuildConfiguration section */
		1212AB801F31696F00FEA9C0 /* Debug */ = {
			isa = XCBuildConfiguration;
			buildSettings = {
				ALWAYS_SEARCH_USER_PATHS = NO;
				CLANG_ANALYZER_NONNULL = YES;
				CLANG_ANALYZER_NUMBER_OBJECT_CONVERSION = YES_AGGRESSIVE;
				CLANG_CXX_LANGUAGE_STANDARD = "gnu++0x";
				CLANG_CXX_LIBRARY = "libc++";
				CLANG_ENABLE_MODULES = YES;
				CLANG_ENABLE_OBJC_ARC = YES;
				CLANG_WARN_BOOL_CONVERSION = YES;
				CLANG_WARN_CONSTANT_CONVERSION = YES;
				CLANG_WARN_DIRECT_OBJC_ISA_USAGE = YES_ERROR;
				CLANG_WARN_DOCUMENTATION_COMMENTS = YES;
				CLANG_WARN_EMPTY_BODY = YES;
				CLANG_WARN_ENUM_CONVERSION = YES;
				CLANG_WARN_INFINITE_RECURSION = YES;
				CLANG_WARN_INT_CONVERSION = YES;
				CLANG_WARN_OBJC_ROOT_CLASS = YES_ERROR;
				CLANG_WARN_SUSPICIOUS_MOVE = YES;
				CLANG_WARN_UNREACHABLE_CODE = YES;
				CLANG_WARN__DUPLICATE_METHOD_MATCH = YES;
				"CODE_SIGN_IDENTITY[sdk=iphoneos*]" = "iPhone Developer";
				COPY_PHASE_STRIP = NO;
				DEBUG_INFORMATION_FORMAT = dwarf;
				ENABLE_STRICT_OBJC_MSGSEND = YES;
				ENABLE_TESTABILITY = YES;
				GCC_C_LANGUAGE_STANDARD = gnu99;
				GCC_DYNAMIC_NO_PIC = NO;
				GCC_NO_COMMON_BLOCKS = YES;
				GCC_OPTIMIZATION_LEVEL = 0;
				GCC_PREPROCESSOR_DEFINITIONS = (
					"DEBUG=1",
					"$(inherited)",
				);
				GCC_WARN_64_TO_32_BIT_CONVERSION = YES;
				GCC_WARN_ABOUT_RETURN_TYPE = YES_ERROR;
				GCC_WARN_UNDECLARED_SELECTOR = YES;
				GCC_WARN_UNINITIALIZED_AUTOS = YES_AGGRESSIVE;
				GCC_WARN_UNUSED_FUNCTION = YES;
				GCC_WARN_UNUSED_VARIABLE = YES;
				IPHONEOS_DEPLOYMENT_TARGET = 10.3;
				MTL_ENABLE_DEBUG_INFO = YES;
				ONLY_ACTIVE_ARCH = YES;
				SDKROOT = iphoneos;
				TARGETED_DEVICE_FAMILY = "1,2";
			};
			name = Debug;
		};
		1212AB811F31696F00FEA9C0 /* Release */ = {
			isa = XCBuildConfiguration;
			buildSettings = {
				ALWAYS_SEARCH_USER_PATHS = NO;
				CLANG_ANALYZER_NONNULL = YES;
				CLANG_ANALYZER_NUMBER_OBJECT_CONVERSION = YES_AGGRESSIVE;
				CLANG_CXX_LANGUAGE_STANDARD = "gnu++0x";
				CLANG_CXX_LIBRARY = "libc++";
				CLANG_ENABLE_MODULES = YES;
				CLANG_ENABLE_OBJC_ARC = YES;
				CLANG_WARN_BOOL_CONVERSION = YES;
				CLANG_WARN_CONSTANT_CONVERSION = YES;
				CLANG_WARN_DIRECT_OBJC_ISA_USAGE = YES_ERROR;
				CLANG_WARN_DOCUMENTATION_COMMENTS = YES;
				CLANG_WARN_EMPTY_BODY = YES;
				CLANG_WARN_ENUM_CONVERSION = YES;
				CLANG_WARN_INFINITE_RECURSION = YES;
				CLANG_WARN_INT_CONVERSION = YES;
				CLANG_WARN_OBJC_ROOT_CLASS = YES_ERROR;
				CLANG_WARN_SUSPICIOUS_MOVE = YES;
				CLANG_WARN_UNREACHABLE_CODE = YES;
				CLANG_WARN__DUPLICATE_METHOD_MATCH = YES;
				"CODE_SIGN_IDENTITY[sdk=iphoneos*]" = "iPhone Developer";
				COPY_PHASE_STRIP = NO;
				DEBUG_INFORMATION_FORMAT = "dwarf-with-dsym";
				ENABLE_NS_ASSERTIONS = NO;
				ENABLE_STRICT_OBJC_MSGSEND = YES;
				GCC_C_LANGUAGE_STANDARD = gnu99;
				GCC_NO_COMMON_BLOCKS = YES;
				GCC_WARN_64_TO_32_BIT_CONVERSION = YES;
				GCC_WARN_ABOUT_RETURN_TYPE = YES_ERROR;
				GCC_WARN_UNDECLARED_SELECTOR = YES;
				GCC_WARN_UNINITIALIZED_AUTOS = YES_AGGRESSIVE;
				GCC_WARN_UNUSED_FUNCTION = YES;
				GCC_WARN_UNUSED_VARIABLE = YES;
				IPHONEOS_DEPLOYMENT_TARGET = 10.3;
				MTL_ENABLE_DEBUG_INFO = NO;
				SDKROOT = iphoneos;
				TARGETED_DEVICE_FAMILY = "1,2";
				VALIDATE_PRODUCT = YES;
			};
			name = Release;
		};
		1212AB831F31696F00FEA9C0 /* Debug */ = {
			isa = XCBuildConfiguration;
			buildSettings = {
				ASSETCATALOG_COMPILER_APPICON_NAME = AppIcon;
				INFOPLIST_FILE = AddressPickerDemo/Info.plist;
				IPHONEOS_DEPLOYMENT_TARGET = 7.0;
				LD_RUNPATH_SEARCH_PATHS = "$(inherited) @executable_path/Frameworks";
				PRODUCT_BUNDLE_IDENTIFIER = com.0daybug.AddressPickerDemo;
				PRODUCT_NAME = "$(TARGET_NAME)";
			};
			name = Debug;
		};
		1212AB841F31696F00FEA9C0 /* Release */ = {
			isa = XCBuildConfiguration;
			buildSettings = {
				ASSETCATALOG_COMPILER_APPICON_NAME = AppIcon;
				INFOPLIST_FILE = AddressPickerDemo/Info.plist;
				IPHONEOS_DEPLOYMENT_TARGET = 7.0;
				LD_RUNPATH_SEARCH_PATHS = "$(inherited) @executable_path/Frameworks";
				PRODUCT_BUNDLE_IDENTIFIER = com.0daybug.AddressPickerDemo;
				PRODUCT_NAME = "$(TARGET_NAME)";
			};
			name = Release;
		};
/* End XCBuildConfiguration section */

/* Begin XCConfigurationList section */
		1212AB661F31696E00FEA9C0 /* Build configuration list for PBXProject "AddressPickerDemo" */ = {
			isa = XCConfigurationList;
			buildConfigurations = (
				1212AB801F31696F00FEA9C0 /* Debug */,
				1212AB811F31696F00FEA9C0 /* Release */,
			);
			defaultConfigurationIsVisible = 0;
			defaultConfigurationName = Release;
		};
		1212AB821F31696F00FEA9C0 /* Build configuration list for PBXNativeTarget "AddressPickerDemo" */ = {
			isa = XCConfigurationList;
			buildConfigurations = (
				1212AB831F31696F00FEA9C0 /* Debug */,
				1212AB841F31696F00FEA9C0 /* Release */,
			);
			defaultConfigurationIsVisible = 0;
		};
/* End XCConfigurationList section */
	};
	rootObject = 1212AB631F31696E00FEA9C0 /* Project object */;
}
